
Microsoft Visual Studio Solution File, Format Version 12.00
# Visual Studio Version 17
VisualStudioVersion = 17.12.35707.178 d17.12
MinimumVisualStudioVersion = 10.0.40219.1
Project("{FAE04EC0-301F-11D3-BF4B-00C04F79EFBC}") = "ComicLibrary", "ComicLibrary\ComicLibrary.csproj", "{91023CFB-2357-47F2-A150-23B6C8E094E2}"
EndProject
Project("{FAE04EC0-301F-11D3-BF4B-00C04F79EFBC}") = "WpfApp", "WpfApp\WpfApp.csproj", "{B0D3A001-A06D-437F-9CC5-6D4490185059}"
EndProject
Global
	GlobalSection(SolutionConfigurationPlatforms) = preSolution
		Debug|Any CPU = Debug|Any CPU
		Release|Any CPU = Release|Any CPU
	EndGlobalSection
	GlobalSection(ProjectConfigurationPlatforms) = postSolution
		{91023CFB-2357-47F2-A150-23B6C8E094E2}.Debug|Any CPU.ActiveCfg = Debug|Any CPU
		{91023CFB-2357-47F2-A150-23B6C8E094E2}.Debug|Any CPU.Build.0 = Debug|Any CPU
		{91023CFB-2357-47F2-A150-23B6C8E094E2}.Release|Any CPU.ActiveCfg = Release|Any CPU
		{91023CFB-2357-47F2-A150-23B6C8E094E2}.Release|Any CPU.Build.0 = Release|Any CPU
		{B0D3A001-A06D-437F-9CC5-6D4490185059}.Debug|Any CPU.ActiveCfg = Debug|Any CPU
		{B0D3A001-A06D-437F-9CC5-6D4490185059}.Debug|Any CPU.Build.0 = Debug|Any CPU
		{B0D3A001-A06D-437F-9CC5-6D4490185059}.Release|Any CPU.ActiveCfg = Release|Any CPU
		{B0D3A001-A06D-437F-9CC5-6D4490185059}.Release|Any CPU.Build.0 = Release|Any CPU
	EndGlobalSection
	GlobalSection(SolutionProperties) = preSolution
		HideSolutionNode = FALSE
	EndGlobalSection
EndGlobal
